// !$*UTF8*$!
{
	archiveVersion = 1;
	classes = {
	};
	objectVersion = 46;
	objects = {

/* Begin PBXBuildFile section */
		65AEA4B21B32A56F00ABFC03 /* AppDelegate.swift in Sources */ = {isa = PBXBuildFile; fileRef = 65AEA4B11B32A56F00ABFC03 /* AppDelegate.swift */; };
		65AEA4B41B32A56F00ABFC03 /* ViewController.swift in Sources */ = {isa = PBXBuildFile; fileRef = 65AEA4B31B32A56F00ABFC03 /* ViewController.swift */; };
		65AEA4B71B32A56F00ABFC03 /* Main.storyboard in Resources */ = {isa = PBXBuildFile; fileRef = 65AEA4B51B32A56F00ABFC03 /* Main.storyboard */; };
		65AEA4B91B32A56F00ABFC03 /* Assets.xcassets in Resources */ = {isa = PBXBuildFile; fileRef = 65AEA4B81B32A56F00ABFC03 /* Assets.xcassets */; };
		65AEA4BC1B32A56F00ABFC03 /* LaunchScreen.storyboard in Resources */ = {isa = PBXBuildFile; fileRef = 65AEA4BA1B32A56F00ABFC03 /* LaunchScreen.storyboard */; };
/* End PBXBuildFile section */

/* Begin PBXFileReference section */
		65AEA4AE1B32A56F00ABFC03 /* BallSwift.app */ = {isa = PBXFileReference; explicitFileType = wrapper.application; includeInIndex = 0; path = BallSwift.app; sourceTree = BUILT_PRODUCTS_DIR; };
		65AEA4B11B32A56F00ABFC03 /* AppDelegate.swift */ = {isa = PBXFileReference; lastKnownFileType = sourcecode.swift; path = AppDelegate.swift; sourceTree = "<group>"; };
		65AEA4B31B32A56F00ABFC03 /* ViewController.swift */ = {isa = PBXFileReference; lastKnownFileType = sourcecode.swift; path = ViewController.swift; sourceTree = "<group>"; };
		65AEA4B61B32A56F00ABFC03 /* Base */ = {isa = PBXFileReference; lastKnownFileType = file.storyboard; name = Base; path = Base.lproj/Main.storyboard; sourceTree = "<group>"; };
		65AEA4B81B32A56F00ABFC03 /* Assets.xcassets */ = {isa = PBXFileReference; lastKnownFileType = folder.assetcatalog; path = Assets.xcassets; sourceTree = "<group>"; };
		65AEA4BB1B32A56F00ABFC03 /* Base */ = {isa = PBXFileReference; lastKnownFileType = file.storyboard; name = Base; path = Base.lproj/LaunchScreen.storyboard; sourceTree = "<group>"; };
		65AEA4BD1B32A56F00ABFC03 /* Info.plist */ = {isa = PBXFileReference; lastKnownFileType = text.plist.xml; path = Info.plist; sourceTree = "<group>"; };
/* End PBXFileReference section */

/* Begin PBXFrameworksBuildPhase section */
		65AEA4AB1B32A56F00ABFC03 /* Frameworks */ = {
			isa = PBXFrameworksBuildPhase;
			buildActionMask = 2147483647;
			files = (
			);
			runOnlyForDeploymentPostprocessing = 0;
		};
/* End PBXFrameworksBuildPhase section */

/* Begin PBXGroup section */
		65AAA7BF1B3423AB005F8590 /* Resources */ = {
			isa = PBXGroup;
			children = (
				65AEA4B51B32A56F00ABFC03 /* Main.storyboard */,
				65AEA4B81B32A56F00ABFC03 /* Assets.xcassets */,
				65AEA4BA1B32A56F00ABFC03 /* LaunchScreen.storyboard */,
				65AEA4BD1B32A56F00ABFC03 /* Info.plist */,
			);
			name = Resources;
			sourceTree = "<group>";
		};
		65AEA4A51B32A56F00ABFC03 = {
			isa = PBXGroup;
			children = (
				65AEA4B01B32A56F00ABFC03 /* BallSwift */,
				65AEA4AF1B32A56F00ABFC03 /* Products */,
			);
			sourceTree = "<group>";
		};
		65AEA4AF1B32A56F00ABFC03 /* Products */ = {
			isa = PBXGroup;
			children = (
				65AEA4AE1B32A56F00ABFC03 /* BallSwift.app */,
			);
			name = Products;
			sourceTree = "<group>";
		};
		65AEA4B01B32A56F00ABFC03 /* BallSwift */ = {
			isa = PBXGroup;
			children = (
				65AAA7BF1B3423AB005F8590 /* Resources */,
				65AEA4B11B32A56F00ABFC03 /* AppDelegate.swift */,
				65AEA4B31B32A56F00ABFC03 /* ViewController.swift */,
			);
			path = BallSwift;
			sourceTree = "<group>";
		};
/* End PBXGroup section */

/* Begin PBXNativeTarget section */
		65AEA4AD1B32A56F00ABFC03 /* BallSwift */ = {
			isa = PBXNativeTarget;
			buildConfigurationList = 65AEA4D61B32A57000ABFC03 /* Build configuration list for PBXNativeTarget "BallSwift" */;
			buildPhases = (
				65AEA4AA1B32A56F00ABFC03 /* Sources */,
				65AEA4AB1B32A56F00ABFC03 /* Frameworks */,
				65AEA4AC1B32A56F00ABFC03 /* Resources */,
			);
			buildRules = (
			);
			dependencies = (
			);
			name = BallSwift;
			productName = BallSwift;
			productReference = 65AEA4AE1B32A56F00ABFC03 /* BallSwift.app */;
			productType = "com.apple.product-type.application";
		};
/* End PBXNativeTarget section */

/* Begin PBXProject section */
		65AEA4A61B32A56F00ABFC03 /* Project object */ = {
			isa = PBXProject;
			attributes = {
				LastUpgradeCheck = 0700;
				ORGANIZATIONNAME = "Fancy Pixel";
				TargetAttributes = {
					65AEA4AD1B32A56F00ABFC03 = {
						CreatedOnToolsVersion = 7.0;
					};
				};
			};
			buildConfigurationList = 65AEA4A91B32A56F00ABFC03 /* Build configuration list for PBXProject "BallSwift" */;
			compatibilityVersion = "Xcode 3.2";
			developmentRegion = English;
			hasScannedForEncodings = 0;
			knownRegions = (
				en,
				Base,
			);
			mainGroup = 65AEA4A51B32A56F00ABFC03;
			productRefGroup = 65AEA4AF1B32A56F00ABFC03 /* Products */;
			projectDirPath = "";
			projectRoot = "";
			targets = (
				65AEA4AD1B32A56F00ABFC03 /* BallSwift */,
			);
		};
/* End PBXProject section */

/* Begin PBXResourcesBuildPhase section */
		65AEA4AC1B32A56F00ABFC03 /* Resources */ = {
			isa = PBXResourcesBuildPhase;
			buildActionMask = 2147483647;
			files = (
				65AEA4BC1B32A56F00ABFC03 /* LaunchScreen.storyboard in Resources */,
				65AEA4B91B32A56F00ABFC03 /* Assets.xcassets in Resources */,
				65AEA4B71B32A56F00ABFC03 /* Main.storyboard in Resources */,
			);
			runOnlyForDeploymentPostprocessing = 0;
		};
/* End PBXResourcesBuildPhase section */

/* Begin PBXSourcesBuildPhase section */
		65AEA4AA1B32A56F00ABFC03 /* Sources */ = {
			isa = PBXSourcesBuildPhase;
			buildActionMask = 2147483647;
			files = (
				65AEA4B41B32A56F00ABFC03 /* ViewController.swift in Sources */,
				65AEA4B21B32A56F00ABFC03 /* AppDelegate.swift in Sources */,
			);
			runOnlyForDeploymentPostprocessing = 0;
		};
/* End PBXSourcesBuildPhase section */

/* Begin PBXVariantGroup section */
		65AEA4B51B32A56F00ABFC03 /* Main.storyboard */ = {
			isa = PBXVariantGroup;
			children = (
				65AEA4B61B32A56F00ABFC03 /* Base */,
			);
			name = Main.storyboard;
			sourceTree = "<group>";
		};
		65AEA4BA1B32A56F00ABFC03 /* LaunchScreen.storyboard */ = {
			isa = PBXVariantGroup;
			children = (
				65AEA4BB1B32A56F00ABFC03 /* Base */,
			);
			name = LaunchScreen.storyboard;
			sourceTree = "<group>";
		};
/* End PBXVariantGroup section */

/* Begin XCBuildConfiguration section */
		65AEA4D41B32A57000ABFC03 /* Debug */ = {
			isa = XCBuildConfiguration;
			buildSettings = {
				ALWAYS_SEARCH_USER_PATHS = NO;
				CLANG_CXX_LANGUAGE_STANDARD = "gnu++0x";
				CLANG_CXX_LIBRARY = "libc++";
				CLANG_ENABLE_MODULES = YES;
				CLANG_ENABLE_OBJC_ARC = YES;
				CLANG_WARN_BOOL_CONVERSION = YES;
				CLANG_WARN_CONSTANT_CONVERSION = YES;
				CLANG_WARN_DIRECT_OBJC_ISA_USAGE = YES_ERROR;
				CLANG_WARN_EMPTY_BODY = YES;
				CLANG_WARN_ENUM_CONVERSION = YES;
				CLANG_WARN_INT_CONVERSION = YES;
				CLANG_WARN_OBJC_ROOT_CLASS = YES_ERROR;
				CLANG_WARN_UNREACHABLE_CODE = YES;
				CLANG_WARN__DUPLICATE_METHOD_MATCH = YES;
				"CODE_SIGN_IDENTITY[sdk=iphoneos*]" = "iPhone Developer";
				COPY_PHASE_STRIP = NO;
				DEBUG_INFORMATION_FORMAT = dwarf;
				ENABLE_STRICT_OBJC_MSGSEND = YES;
				ENABLE_TESTABILITY = YES;
				GCC_C_LANGUAGE_STANDARD = gnu99;
				GCC_DYNAMIC_NO_PIC = NO;
				GCC_NO_COMMON_BLOCKS = YES;
				GCC_OPTIMIZATION_LEVEL = 0;
				GCC_PREPROCESSOR_DEFINITIONS = (
					"DEBUG=1",
					"$(inherited)",
				);
				GCC_WARN_64_TO_32_BIT_CONVERSION = YES;
				GCC_WARN_ABOUT_RETURN_TYPE = YES_ERROR;
				GCC_WARN_UNDECLARED_SELECTOR = YES;
				GCC_WARN_UNINITIALIZED_AUTOS = YES_AGGRESSIVE;
				GCC_WARN_UNUSED_FUNCTION = YES;
				GCC_WARN_UNUSED_VARIABLE = YES;
				IPHONEOS_DEPLOYMENT_TARGET = 9.0;
				MTL_ENABLE_DEBUG_INFO = YES;
				ONLY_ACTIVE_ARCH = YES;
				SDKROOT = iphoneos;
				SWIFT_OPTIMIZATION_LEVEL = "-Onone";
			};
			name = Debug;
		};
		65AEA4D51B32A57000ABFC03 /* Release */ = {
			isa = XCBuildConfiguration;
			buildSettings = {
				ALWAYS_SEARCH_USER_PATHS = NO;
				CLANG_CXX_LANGUAGE_STANDARD = "gnu++0x";
				CLANG_CXX_LIBRARY = "libc++";
				CLANG_ENABLE_MODULES = YES;
				CLANG_ENABLE_OBJC_ARC = YES;
				CLANG_WARN_BOOL_CONVERSION = YES;
				CLANG_WARN_CONSTANT_CONVERSION = YES;
				CLANG_WARN_DIRECT_OBJC_ISA_USAGE = YES_ERROR;
				CLANG_WARN_EMPTY_BODY = YES;
				CLANG_WARN_ENUM_CONVERSION = YES;
				CLANG_WARN_INT_CONVERSION = YES;
				CLANG_WARN_OBJC_ROOT_CLASS = YES_ERROR;
				CLANG_WARN_UNREACHABLE_CODE = YES;
				CLANG_WARN__DUPLICATE_METHOD_MATCH = YES;
				"CODE_SIGN_IDENTITY[sdk=iphoneos*]" = "iPhone Developer";
				COPY_PHASE_STRIP = NO;
				DEBUG_INFORMATION_FORMAT = "dwarf-with-dsym";
				ENABLE_NS_ASSERTIONS = NO;
				ENABLE_STRICT_OBJC_MSGSEND = YES;
				GCC_C_LANGUAGE_STANDARD = gnu99;
				GCC_NO_COMMON_BLOCKS = YES;
				GCC_WARN_64_TO_32_BIT_CONVERSION = YES;
				GCC_WARN_ABOUT_RETURN_TYPE = YES_ERROR;
				GCC_WARN_UNDECLARED_SELECTOR = YES;
				GCC_WARN_UNINITIALIZED_AUTOS = YES_AGGRESSIVE;
				GCC_WARN_UNUSED_FUNCTION = YES;
				GCC_WARN_UNUSED_VARIABLE = YES;
				IPHONEOS_DEPLOYMENT_TARGET = 9.0;
				MTL_ENABLE_DEBUG_INFO = NO;
				SDKROOT = iphoneos;
				VALIDATE_PRODUCT = YES;
			};
			name = Release;
		};
		65AEA4D71B32A57000ABFC03 /* Debug */ = {
			isa = XCBuildConfiguration;
			buildSettings = {
				ASSETCATALOG_COMPILER_APPICON_NAME = AppIcon;
				INFOPLIST_FILE = BallSwift/Info.plist;
				LD_RUNPATH_SEARCH_PATHS = "$(inherited) @executable_path/Frameworks";
				PRODUCT_BUNDLE_IDENTIFIER = it.fancypixel.BallSwift;
				PRODUCT_NAME = "$(TARGET_NAME)";
			};
			name = Debug;
		};
		65AEA4D81B32A57000ABFC03 /* Release */ = {
			isa = XCBuildConfiguration;
			buildSettings = {
				ASSETCATALOG_COMPILER_APPICON_NAME = AppIcon;
				INFOPLIST_FILE = BallSwift/Info.plist;
				LD_RUNPATH_SEARCH_PATHS = "$(inherited) @executable_path/Frameworks";
				PRODUCT_BUNDLE_IDENTIFIER = it.fancypixel.BallSwift;
				PRODUCT_NAME = "$(TARGET_NAME)";
			};
			name = Release;
		};
/* End XCBuildConfiguration section */

/* Begin XCConfigurationList section */
		65AEA4A91B32A56F00ABFC03 /* Build configuration list for PBXProject "BallSwift" */ = {
			isa = XCConfigurationList;
			buildConfigurations = (
				65AEA4D41B32A57000ABFC03 /* Debug */,
				65AEA4D51B32A57000ABFC03 /* Release */,
			);
			defaultConfigurationIsVisible = 0;
			defaultConfigurationName = Release;
		};
		65AEA4D61B32A57000ABFC03 /* Build configuration list for PBXNativeTarget "BallSwift" */ = {
			isa = XCConfigurationList;
			buildConfigurations = (
				65AEA4D71B32A57000ABFC03 /* Debug */,
				65AEA4D81B32A57000ABFC03 /* Release */,
			);
			defaultConfigurationIsVisible = 0;
			defaultConfigurationName = Release;
		};
/* End XCConfigurationList section */
	};
	rootObject = 65AEA4A61B32A56F00ABFC03 /* Project object */;
}
